
Microsoft Visual Studio Solution File, Format Version 12.00
# Visual Studio 15
VisualStudioVersion = 15.0.28010.2050
MinimumVisualStudioVersion = 10.0.40219.1
Project("{FAE04EC0-301F-11D3-BF4B-00C04F79EFBC}") = "XamarinFormsEffects.Android", "XamarinFormsEffects\XamarinFormsEffects.Android\XamarinFormsEffects.Android.csproj", "{AF8E276B-1C60-44A4-BFF7-600054453B8C}"
EndProject
Project("{FAE04EC0-301F-11D3-BF4B-00C04F79EFBC}") = "XamarinFormsEffects.iOS", "XamarinFormsEffects\XamarinFormsEffects.iOS\XamarinFormsEffects.iOS.csproj", "{69833147-EFB1-4CDE-9E54-8ADACAD6E8E3}"
EndProject
Project("{FAE04EC0-301F-11D3-BF4B-00C04F79EFBC}") = "XamarinFormsEffects", "XamarinFormsEffects\XamarinFormsEffects\XamarinFormsEffects.csproj", "{180D08DE-72DE-40F9-A981-D16CBC43CFB5}"
EndProject
Global
	GlobalSection(SolutionConfigurationPlatforms) = preSolution
		Ad-Hoc|Any CPU = Ad-Hoc|Any CPU
		Ad-Hoc|iPhone = Ad-Hoc|iPhone
		Ad-Hoc|iPhoneSimulator = Ad-Hoc|iPhoneSimulator
		AppStore|Any CPU = AppStore|Any CPU
		AppStore|iPhone = AppStore|iPhone
		AppStore|iPhoneSimulator = AppStore|iPhoneSimulator
		Debug|Any CPU = Debug|Any CPU
		Debug|iPhone = Debug|iPhone
		Debug|iPhoneSimulator = Debug|iPhoneSimulator
		Release|Any CPU = Release|Any CPU
		Release|iPhone = Release|iPhone
		Release|iPhoneSimulator = Release|iPhoneSimulator
	EndGlobalSection
	GlobalSection(ProjectConfigurationPlatforms) = postSolution
		{AF8E276B-1C60-44A4-BFF7-600054453B8C}.Ad-Hoc|Any CPU.ActiveCfg = Release|Any CPU
		{AF8E276B-1C60-44A4-BFF7-600054453B8C}.Ad-Hoc|Any CPU.Build.0 = Release|Any CPU
		{AF8E276B-1C60-44A4-BFF7-600054453B8C}.Ad-Hoc|Any CPU.Deploy.0 = Release|Any CPU
		{AF8E276B-1C60-44A4-BFF7-600054453B8C}.Ad-Hoc|iPhone.ActiveCfg = Release|Any CPU
		{AF8E276B-1C60-44A4-BFF7-600054453B8C}.Ad-Hoc|iPhone.Build.0 = Release|Any CPU
		{AF8E276B-1C60-44A4-BFF7-600054453B8C}.Ad-Hoc|iPhone.Deploy.0 = Release|Any CPU
		{AF8E276B-1C60-44A4-BFF7-600054453B8C}.Ad-Hoc|iPhoneSimulator.ActiveCfg = Release|Any CPU
		{AF8E276B-1C60-44A4-BFF7-600054453B8C}.Ad-Hoc|iPhoneSimulator.Build.0 = Release|Any CPU
		{AF8E276B-1C60-44A4-BFF7-600054453B8C}.Ad-Hoc|iPhoneSimulator.Deploy.0 = Release|Any CPU
		{AF8E276B-1C60-44A4-BFF7-600054453B8C}.AppStore|Any CPU.ActiveCfg = Release|Any CPU
		{AF8E276B-1C60-44A4-BFF7-600054453B8C}.AppStore|Any CPU.Build.0 = Release|Any CPU
		{AF8E276B-1C60-44A4-BFF7-600054453B8C}.AppStore|Any CPU.Deploy.0 = Release|Any CPU
		{AF8E276B-1C60-44A4-BFF7-600054453B8C}.AppStore|iPhone.ActiveCfg = Release|Any CPU
		{AF8E276B-1C60-44A4-BFF7-600054453B8C}.AppStore|iPhone.Build.0 = Release|Any CPU
		{AF8E276B-1C60-44A4-BFF7-600054453B8C}.AppStore|iPhone.Deploy.0 = Release|Any CPU
		{AF8E276B-1C60-44A4-BFF7-600054453B8C}.AppStore|iPhoneSimulator.ActiveCfg = Release|Any CPU
		{AF8E276B-1C60-44A4-BFF7-600054453B8C}.AppStore|iPhoneSimulator.Build.0 = Release|Any CPU
		{AF8E276B-1C60-44A4-BFF7-600054453B8C}.AppStore|iPhoneSimulator.Deploy.0 = Release|Any CPU
		{AF8E276B-1C60-44A4-BFF7-600054453B8C}.Debug|Any CPU.ActiveCfg = Debug|Any CPU
		{AF8E276B-1C60-44A4-BFF7-600054453B8C}.Debug|Any CPU.Build.0 = Debug|Any CPU
		{AF8E276B-1C60-44A4-BFF7-600054453B8C}.Debug|Any CPU.Deploy.0 = Debug|Any CPU
		{AF8E276B-1C60-44A4-BFF7-600054453B8C}.Debug|iPhone.ActiveCfg = Debug|Any CPU
		{AF8E276B-1C60-44A4-BFF7-600054453B8C}.Debug|iPhone.Build.0 = Debug|Any CPU
		{AF8E276B-1C60-44A4-BFF7-600054453B8C}.Debug|iPhone.Deploy.0 = Debug|Any CPU
		{AF8E276B-1C60-44A4-BFF7-600054453B8C}.Debug|iPhoneSimulator.ActiveCfg = Debug|Any CPU
		{AF8E276B-1C60-44A4-BFF7-600054453B8C}.Debug|iPhoneSimulator.Build.0 = Debug|Any CPU
		{AF8E276B-1C60-44A4-BFF7-600054453B8C}.Debug|iPhoneSimulator.Deploy.0 = Debug|Any CPU
		{AF8E276B-1C60-44A4-BFF7-600054453B8C}.Release|Any CPU.ActiveCfg = Release|Any CPU
		{AF8E276B-1C60-44A4-BFF7-600054453B8C}.Release|Any CPU.Build.0 = Release|Any CPU
		{AF8E276B-1C60-44A4-BFF7-600054453B8C}.Release|Any CPU.Deploy.0 = Release|Any CPU
		{AF8E276B-1C60-44A4-BFF7-600054453B8C}.Release|iPhone.ActiveCfg = Release|Any CPU
		{AF8E276B-1C60-44A4-BFF7-600054453B8C}.Release|iPhone.Build.0 = Release|Any CPU
		{AF8E276B-1C60-44A4-BFF7-600054453B8C}.Release|iPhone.Deploy.0 = Release|Any CPU
		{AF8E276B-1C60-44A4-BFF7-600054453B8C}.Release|iPhoneSimulator.ActiveCfg = Release|Any CPU
		{AF8E276B-1C60-44A4-BFF7-600054453B8C}.Release|iPhoneSimulator.Build.0 = Release|Any CPU
		{AF8E276B-1C60-44A4-BFF7-600054453B8C}.Release|iPhoneSimulator.Deploy.0 = Release|Any CPU
		{69833147-EFB1-4CDE-9E54-8ADACAD6E8E3}.Ad-Hoc|Any CPU.ActiveCfg = Ad-Hoc|iPhone
		{69833147-EFB1-4CDE-9E54-8ADACAD6E8E3}.Ad-Hoc|Any CPU.Build.0 = Ad-Hoc|iPhone
		{69833147-EFB1-4CDE-9E54-8ADACAD6E8E3}.Ad-Hoc|Any CPU.Deploy.0 = Ad-Hoc|iPhone
		{69833147-EFB1-4CDE-9E54-8ADACAD6E8E3}.Ad-Hoc|iPhone.ActiveCfg = Ad-Hoc|iPhone
		{69833147-EFB1-4CDE-9E54-8ADACAD6E8E3}.Ad-Hoc|iPhone.Build.0 = Ad-Hoc|iPhone
		{69833147-EFB1-4CDE-9E54-8ADACAD6E8E3}.Ad-Hoc|iPhone.Deploy.0 = Ad-Hoc|iPhone
		{69833147-EFB1-4CDE-9E54-8ADACAD6E8E3}.Ad-Hoc|iPhoneSimulator.ActiveCfg = Ad-Hoc|iPhoneSimulator
		{69833147-EFB1-4CDE-9E54-8ADACAD6E8E3}.Ad-Hoc|iPhoneSimulator.Build.0 = Ad-Hoc|iPhoneSimulator
		{69833147-EFB1-4CDE-9E54-8ADACAD6E8E3}.Ad-Hoc|iPhoneSimulator.Deploy.0 = Ad-Hoc|iPhoneSimulator
		{69833147-EFB1-4CDE-9E54-8ADACAD6E8E3}.AppStore|Any CPU.ActiveCfg = AppStore|iPhone
		{69833147-EFB1-4CDE-9E54-8ADACAD6E8E3}.AppStore|Any CPU.Build.0 = AppStore|iPhone
		{69833147-EFB1-4CDE-9E54-8ADACAD6E8E3}.AppStore|Any CPU.Deploy.0 = AppStore|iPhone
		{69833147-EFB1-4CDE-9E54-8ADACAD6E8E3}.AppStore|iPhone.ActiveCfg = AppStore|iPhone
		{69833147-EFB1-4CDE-9E54-8ADACAD6E8E3}.AppStore|iPhone.Build.0 = AppStore|iPhone
		{69833147-EFB1-4CDE-9E54-8ADACAD6E8E3}.AppStore|iPhone.Deploy.0 = AppStore|iPhone
		{69833147-EFB1-4CDE-9E54-8ADACAD6E8E3}.AppStore|iPhoneSimulator.ActiveCfg = AppStore|iPhoneSimulator
		{69833147-EFB1-4CDE-9E54-8ADACAD6E8E3}.AppStore|iPhoneSimulator.Build.0 = AppStore|iPhoneSimulator
		{69833147-EFB1-4CDE-9E54-8ADACAD6E8E3}.AppStore|iPhoneSimulator.Deploy.0 = AppStore|iPhoneSimulator
		{69833147-EFB1-4CDE-9E54-8ADACAD6E8E3}.Debug|Any CPU.ActiveCfg = Debug|iPhoneSimulator
		{69833147-EFB1-4CDE-9E54-8ADACAD6E8E3}.Debug|Any CPU.Build.0 = Debug|iPhoneSimulator
		{69833147-EFB1-4CDE-9E54-8ADACAD6E8E3}.Debug|Any CPU.Deploy.0 = Debug|iPhoneSimulator
		{69833147-EFB1-4CDE-9E54-8ADACAD6E8E3}.Debug|iPhone.ActiveCfg = Debug|iPhone
		{69833147-EFB1-4CDE-9E54-8ADACAD6E8E3}.Debug|iPhone.Build.0 = Debug|iPhone
		{69833147-EFB1-4CDE-9E54-8ADACAD6E8E3}.Debug|iPhone.Deploy.0 = Debug|iPhone
		{69833147-EFB1-4CDE-9E54-8ADACAD6E8E3}.Debug|iPhoneSimulator.ActiveCfg = Debug|iPhoneSimulator
		{69833147-EFB1-4CDE-9E54-8ADACAD6E8E3}.Debug|iPhoneSimulator.Build.0 = Debug|iPhoneSimulator
		{69833147-EFB1-4CDE-9E54-8ADACAD6E8E3}.Debug|iPhoneSimulator.Deploy.0 = Debug|iPhoneSimulator
		{69833147-EFB1-4CDE-9E54-8ADACAD6E8E3}.Release|Any CPU.ActiveCfg = Release|iPhone
		{69833147-EFB1-4CDE-9E54-8ADACAD6E8E3}.Release|Any CPU.Build.0 = Release|iPhone
		{69833147-EFB1-4CDE-9E54-8ADACAD6E8E3}.Release|Any CPU.Deploy.0 = Release|iPhone
		{69833147-EFB1-4CDE-9E54-8ADACAD6E8E3}.Release|iPhone.ActiveCfg = Release|iPhone
		{69833147-EFB1-4CDE-9E54-8ADACAD6E8E3}.Release|iPhone.Build.0 = Release|iPhone
		{69833147-EFB1-4CDE-9E54-8ADACAD6E8E3}.Release|iPhone.Deploy.0 = Release|iPhone
		{69833147-EFB1-4CDE-9E54-8ADACAD6E8E3}.Release|iPhoneSimulator.ActiveCfg = Release|iPhoneSimulator
		{69833147-EFB1-4CDE-9E54-8ADACAD6E8E3}.Release|iPhoneSimulator.Build.0 = Release|iPhoneSimulator
		{69833147-EFB1-4CDE-9E54-8ADACAD6E8E3}.Release|iPhoneSimulator.Deploy.0 = Release|iPhoneSimulator
		{180D08DE-72DE-40F9-A981-D16CBC43CFB5}.Ad-Hoc|Any CPU.ActiveCfg = Debug|Any CPU
		{180D08DE-72DE-40F9-A981-D16CBC43CFB5}.Ad-Hoc|Any CPU.Build.0 = Debug|Any CPU
		{180D08DE-72DE-40F9-A981-D16CBC43CFB5}.Ad-Hoc|Any CPU.Deploy.0 = Debug|Any CPU
		{180D08DE-72DE-40F9-A981-D16CBC43CFB5}.Ad-Hoc|iPhone.ActiveCfg = Debug|Any CPU
		{180D08DE-72DE-40F9-A981-D16CBC43CFB5}.Ad-Hoc|iPhone.Build.0 = Debug|Any CPU
		{180D08DE-72DE-40F9-A981-D16CBC43CFB5}.Ad-Hoc|iPhone.Deploy.0 = Debug|Any CPU
		{180D08DE-72DE-40F9-A981-D16CBC43CFB5}.Ad-Hoc|iPhoneSimulator.ActiveCfg = Debug|Any CPU
		{180D08DE-72DE-40F9-A981-D16CBC43CFB5}.Ad-Hoc|iPhoneSimulator.Build.0 = Debug|Any CPU
		{180D08DE-72DE-40F9-A981-D16CBC43CFB5}.Ad-Hoc|iPhoneSimulator.Deploy.0 = Debug|Any CPU
		{180D08DE-72DE-40F9-A981-D16CBC43CFB5}.AppStore|Any CPU.ActiveCfg = Debug|Any CPU
		{180D08DE-72DE-40F9-A981-D16CBC43CFB5}.AppStore|Any CPU.Build.0 = Debug|Any CPU
		{180D08DE-72DE-40F9-A981-D16CBC43CFB5}.AppStore|Any CPU.Deploy.0 = Debug|Any CPU
		{180D08DE-72DE-40F9-A981-D16CBC43CFB5}.AppStore|iPhone.ActiveCfg = Debug|Any CPU
		{180D08DE-72DE-40F9-A981-D16CBC43CFB5}.AppStore|iPhone.Build.0 = Debug|Any CPU
		{180D08DE-72DE-40F9-A981-D16CBC43CFB5}.AppStore|iPhone.Deploy.0 = Debug|Any CPU
		{180D08DE-72DE-40F9-A981-D16CBC43CFB5}.AppStore|iPhoneSimulator.ActiveCfg = Debug|Any CPU
		{180D08DE-72DE-40F9-A981-D16CBC43CFB5}.AppStore|iPhoneSimulator.Build.0 = Debug|Any CPU
		{180D08DE-72DE-40F9-A981-D16CBC43CFB5}.AppStore|iPhoneSimulator.Deploy.0 = Debug|Any CPU
		{180D08DE-72DE-40F9-A981-D16CBC43CFB5}.Debug|Any CPU.ActiveCfg = Debug|Any CPU
		{180D08DE-72DE-40F9-A981-D16CBC43CFB5}.Debug|Any CPU.Build.0 = Debug|Any CPU
		{180D08DE-72DE-40F9-A981-D16CBC43CFB5}.Debug|Any CPU.Deploy.0 = Debug|Any CPU
		{180D08DE-72DE-40F9-A981-D16CBC43CFB5}.Debug|iPhone.ActiveCfg = Debug|Any CPU
		{180D08DE-72DE-40F9-A981-D16CBC43CFB5}.Debug|iPhone.Build.0 = Debug|Any CPU
		{180D08DE-72DE-40F9-A981-D16CBC43CFB5}.Debug|iPhone.Deploy.0 = Debug|Any CPU
		{180D08DE-72DE-40F9-A981-D16CBC43CFB5}.Debug|iPhoneSimulator.ActiveCfg = Debug|Any CPU
		{180D08DE-72DE-40F9-A981-D16CBC43CFB5}.Debug|iPhoneSimulator.Build.0 = Debug|Any CPU
		{180D08DE-72DE-40F9-A981-D16CBC43CFB5}.Debug|iPhoneSimulator.Deploy.0 = Debug|Any CPU
		{180D08DE-72DE-40F9-A981-D16CBC43CFB5}.Release|Any CPU.ActiveCfg = Release|Any CPU
		{180D08DE-72DE-40F9-A981-D16CBC43CFB5}.Release|Any CPU.Build.0 = Release|Any CPU
		{180D08DE-72DE-40F9-A981-D16CBC43CFB5}.Release|Any CPU.Deploy.0 = Release|Any CPU
		{180D08DE-72DE-40F9-A981-D16CBC43CFB5}.Release|iPhone.ActiveCfg = Release|Any CPU
		{180D08DE-72DE-40F9-A981-D16CBC43CFB5}.Release|iPhone.Build.0 = Release|Any CPU
		{180D08DE-72DE-40F9-A981-D16CBC43CFB5}.Release|iPhone.Deploy.0 = Release|Any CPU
		{180D08DE-72DE-40F9-A981-D16CBC43CFB5}.Release|iPhoneSimulator.ActiveCfg = Release|Any CPU
		{180D08DE-72DE-40F9-A981-D16CBC43CFB5}.Release|iPhoneSimulator.Build.0 = Release|Any CPU
		{180D08DE-72DE-40F9-A981-D16CBC43CFB5}.Release|iPhoneSimulator.Deploy.0 = Release|Any CPU
	EndGlobalSection
	GlobalSection(SolutionProperties) = preSolution
		HideSolutionNode = FALSE
	EndGlobalSection
	GlobalSection(ExtensibilityGlobals) = postSolution
		SolutionGuid = {C1B4EF9B-B238-4667-8767-8E56EFBB80A0}
	EndGlobalSection
EndGlobal
